
Microsoft Visual Studio Solution File, Format Version 12.00
# Visual Studio Version 17
VisualStudioVersion = 17.8.34316.72
MinimumVisualStudioVersion = 10.0.40219.1
Project("{FAE04EC0-301F-11D3-BF4B-00C04F79EFBC}") = "BakimVeDepoYonetimSistemi", "BakimVeDepoYonetimSistemi.csproj", "{A8BC2879-AE70-4FA2-B0E9-EA51C0CB0856}"
EndProject
Global
	GlobalSection(SolutionConfigurationPlatforms) = preSolution
		Debug|Any CPU = Debug|Any CPU
		Release|Any CPU = Release|Any CPU
	EndGlobalSection
	GlobalSection(ProjectConfigurationPlatforms) = postSolution
		{A8BC2879-AE70-4FA2-B0E9-EA51C0CB0856}.Debug|Any CPU.ActiveCfg = Debug|Any CPU
		{A8BC2879-AE70-4FA2-B0E9-EA51C0CB0856}.Debug|Any CPU.Build.0 = Debug|Any CPU
		{A8BC2879-AE70-4FA2-B0E9-EA51C0CB0856}.Release|Any CPU.ActiveCfg = Release|Any CPU
		{A8BC2879-AE70-4FA2-B0E9-EA51C0CB0856}.Release|Any CPU.Build.0 = Release|Any CPU
	EndGlobalSection
	GlobalSection(SolutionProperties) = preSolution
		HideSolutionNode = FALSE
	EndGlobalSection
	GlobalSection(ExtensibilityGlobals) = postSolution
		SolutionGuid = {8AFE7959-5DE4-4599-B3DC-5E25D8F1D421}
	EndGlobalSection
EndGlobal
